
Microsoft Visual Studio Solution File, Format Version 12.00
# Visual Studio Version 17
VisualStudioVersion = 17.6.33815.320
MinimumVisualStudioVersion = 10.0.40219.1
Project("{FAE04EC0-301F-11D3-BF4B-00C04F79EFBC}") = "SysAid", "SysAid\SysAid.csproj", "{2C43E24E-90A7-4EBD-8686-82CA6864225F}"
EndProject
Global
	GlobalSection(SolutionConfigurationPlatforms) = preSolution
		Debug|Any CPU = Debug|Any CPU
		Release|Any CPU = Release|Any CPU
	EndGlobalSection
	GlobalSection(ProjectConfigurationPlatforms) = postSolution
		{2C43E24E-90A7-4EBD-8686-82CA6864225F}.Debug|Any CPU.ActiveCfg = Debug|Any CPU
		{2C43E24E-90A7-4EBD-8686-82CA6864225F}.Debug|Any CPU.Build.0 = Debug|Any CPU
		{2C43E24E-90A7-4EBD-8686-82CA6864225F}.Release|Any CPU.ActiveCfg = Release|Any CPU
		{2C43E24E-90A7-4EBD-8686-82CA6864225F}.Release|Any CPU.Build.0 = Release|Any CPU
	EndGlobalSection
	GlobalSection(SolutionProperties) = preSolution
		HideSolutionNode = FALSE
	EndGlobalSection
	GlobalSection(ExtensibilityGlobals) = postSolution
		SolutionGuid = {329B65CB-48D4-44F9-A029-2FEF7159767D}
	EndGlobalSection
EndGlobal
